
Microsoft Visual Studio Solution File, Format Version 12.00
# Visual Studio 15
VisualStudioVersion = 15.0.27130.2036
MinimumVisualStudioVersion = 10.0.40219.1
Project("{FAE04EC0-301F-11D3-BF4B-00C04F79EFBC}") = "Schoolyard", "Schoolyard\Schoolyard.csproj", "{260D169F-612B-4DE3-BF9E-BADD568A6BD7}"
EndProject
Project("{FAE04EC0-301F-11D3-BF4B-00C04F79EFBC}") = "SchoolyardCLI", "SchoolyardCLI\SchoolyardCLI.csproj", "{B3139E14-8C9D-4C4D-9157-94CC10F434FE}"
EndProject
Project("{FAE04EC0-301F-11D3-BF4B-00C04F79EFBC}") = "SchoolyardUI", "SchoolyardUI\SchoolyardUI.csproj", "{10630CF3-A66D-4A3B-9B3F-86F75A4223E9}"
EndProject
Global
	GlobalSection(SolutionConfigurationPlatforms) = preSolution
		Debug|Any CPU = Debug|Any CPU
		Debug|x64 = Debug|x64
		Release|Any CPU = Release|Any CPU
		Release|x64 = Release|x64
	EndGlobalSection
	GlobalSection(ProjectConfigurationPlatforms) = postSolution
		{260D169F-612B-4DE3-BF9E-BADD568A6BD7}.Debug|Any CPU.ActiveCfg = Debug|Any CPU
		{260D169F-612B-4DE3-BF9E-BADD568A6BD7}.Debug|Any CPU.Build.0 = Debug|Any CPU
		{260D169F-612B-4DE3-BF9E-BADD568A6BD7}.Debug|x64.ActiveCfg = Debug|x64
		{260D169F-612B-4DE3-BF9E-BADD568A6BD7}.Debug|x64.Build.0 = Debug|x64
		{260D169F-612B-4DE3-BF9E-BADD568A6BD7}.Release|Any CPU.ActiveCfg = Release|Any CPU
		{260D169F-612B-4DE3-BF9E-BADD568A6BD7}.Release|Any CPU.Build.0 = Release|Any CPU
		{260D169F-612B-4DE3-BF9E-BADD568A6BD7}.Release|x64.ActiveCfg = Release|x64
		{260D169F-612B-4DE3-BF9E-BADD568A6BD7}.Release|x64.Build.0 = Release|x64
		{B3139E14-8C9D-4C4D-9157-94CC10F434FE}.Debug|Any CPU.ActiveCfg = Debug|Any CPU
		{B3139E14-8C9D-4C4D-9157-94CC10F434FE}.Debug|Any CPU.Build.0 = Debug|Any CPU
		{B3139E14-8C9D-4C4D-9157-94CC10F434FE}.Debug|x64.ActiveCfg = Debug|x64
		{B3139E14-8C9D-4C4D-9157-94CC10F434FE}.Debug|x64.Build.0 = Debug|x64
		{B3139E14-8C9D-4C4D-9157-94CC10F434FE}.Release|Any CPU.ActiveCfg = Release|Any CPU
		{B3139E14-8C9D-4C4D-9157-94CC10F434FE}.Release|Any CPU.Build.0 = Release|Any CPU
		{B3139E14-8C9D-4C4D-9157-94CC10F434FE}.Release|x64.ActiveCfg = Release|x64
		{B3139E14-8C9D-4C4D-9157-94CC10F434FE}.Release|x64.Build.0 = Release|x64
		{10630CF3-A66D-4A3B-9B3F-86F75A4223E9}.Debug|Any CPU.ActiveCfg = Debug|Any CPU
		{10630CF3-A66D-4A3B-9B3F-86F75A4223E9}.Debug|Any CPU.Build.0 = Debug|Any CPU
		{10630CF3-A66D-4A3B-9B3F-86F75A4223E9}.Debug|x64.ActiveCfg = Debug|x64
		{10630CF3-A66D-4A3B-9B3F-86F75A4223E9}.Debug|x64.Build.0 = Debug|x64
		{10630CF3-A66D-4A3B-9B3F-86F75A4223E9}.Release|Any CPU.ActiveCfg = Release|Any CPU
		{10630CF3-A66D-4A3B-9B3F-86F75A4223E9}.Release|Any CPU.Build.0 = Release|Any CPU
		{10630CF3-A66D-4A3B-9B3F-86F75A4223E9}.Release|x64.ActiveCfg = Release|x64
		{10630CF3-A66D-4A3B-9B3F-86F75A4223E9}.Release|x64.Build.0 = Release|x64
	EndGlobalSection
	GlobalSection(SolutionProperties) = preSolution
		HideSolutionNode = FALSE
	EndGlobalSection
	GlobalSection(ExtensibilityGlobals) = postSolution
		SolutionGuid = {B187FC0D-0B85-41FB-BF2C-4A60CE05D2AA}
	EndGlobalSection
EndGlobal
